
Microsoft Visual Studio Solution File, Format Version 12.00
# Visual Studio Version 16
VisualStudioVersion = 16.0.29709.97
MinimumVisualStudioVersion = 10.0.40219.1
Project("{FAE04EC0-301F-11D3-BF4B-00C04F79EFBC}") = "TP01", "TP01\TP01.csproj", "{BEBC241B-7B9E-4C0D-9AD1-6183F722005D}"
EndProject
Global
	GlobalSection(SolutionConfigurationPlatforms) = preSolution
		Debug|Any CPU = Debug|Any CPU
		Release|Any CPU = Release|Any CPU
	EndGlobalSection
	GlobalSection(ProjectConfigurationPlatforms) = postSolution
		{BEBC241B-7B9E-4C0D-9AD1-6183F722005D}.Debug|Any CPU.ActiveCfg = Debug|Any CPU
		{BEBC241B-7B9E-4C0D-9AD1-6183F722005D}.Debug|Any CPU.Build.0 = Debug|Any CPU
		{BEBC241B-7B9E-4C0D-9AD1-6183F722005D}.Release|Any CPU.ActiveCfg = Release|Any CPU
		{BEBC241B-7B9E-4C0D-9AD1-6183F722005D}.Release|Any CPU.Build.0 = Release|Any CPU
	EndGlobalSection
	GlobalSection(SolutionProperties) = preSolution
		HideSolutionNode = FALSE
	EndGlobalSection
	GlobalSection(ExtensibilityGlobals) = postSolution
		SolutionGuid = {81B79C3F-D942-4949-8887-7B2700F84769}
	EndGlobalSection
EndGlobal
